
Microsoft Visual Studio Solution File, Format Version 12.00
# Visual Studio 15
VisualStudioVersion = 15.0.27130.2027
MinimumVisualStudioVersion = 10.0.40219.1
Project("{FAE04EC0-301F-11D3-BF4B-00C04F79EFBC}") = "bull_test1", "bull_test1\bull_test1.csproj", "{EDDFBBDF-2731-43FD-89EF-78F15AA7309B}"
EndProject
Global
	GlobalSection(SolutionConfigurationPlatforms) = preSolution
		Debug|Any CPU = Debug|Any CPU
		Release|Any CPU = Release|Any CPU
	EndGlobalSection
	GlobalSection(ProjectConfigurationPlatforms) = postSolution
		{EDDFBBDF-2731-43FD-89EF-78F15AA7309B}.Debug|Any CPU.ActiveCfg = Debug|Any CPU
		{EDDFBBDF-2731-43FD-89EF-78F15AA7309B}.Debug|Any CPU.Build.0 = Debug|Any CPU
		{EDDFBBDF-2731-43FD-89EF-78F15AA7309B}.Release|Any CPU.ActiveCfg = Release|Any CPU
		{EDDFBBDF-2731-43FD-89EF-78F15AA7309B}.Release|Any CPU.Build.0 = Release|Any CPU
	EndGlobalSection
	GlobalSection(SolutionProperties) = preSolution
		HideSolutionNode = FALSE
	EndGlobalSection
	GlobalSection(ExtensibilityGlobals) = postSolution
		SolutionGuid = {CE442935-C477-4C77-8A87-A22E766ADAB2}
	EndGlobalSection
EndGlobal
